github.com/cornfeedhobo/pflag v1.1.0 h1:hZ356pzRepv6EbQ3M5Yx0ZyvQnTj8rgGKm6PCTFy2kc=
github.com/cornfeedhobo/pflag v1.1.0/go.mod h1:ROo/cqBpAh84jplPcXiI5HTjyLmtp04WaPKkHC18E6U=
github.com/shopspring/decimal v1.4.0 h1:bxl37RwXBklmTi0C79JfXCEBD1cqqHt0bbgBAGFp81k=
github.com/shopspring/decimal v1.4.0/go.mod h1:gawqmDU56v4yIKSwfBSFip1HdCCXN8/+DMd9qYNcwME=
golang.org/x/text v0.21.0 h1:zyQAAkrwaneQ066sspRyJaG9VNi/YJ1NfzcGB3hZ/qo=
golang.org/x/text v0.21.0/go.mod h1:4IBbMaMmOPCJ8SecivzSH54+73PCFmPWxNTLm+vZkEQ=
